// !$*UTF8*$!
{
	archiveVersion = 1;
	classes = {
	};
	objectVersion = 51;
	objects = {

/* Begin PBXBuildFile section */
		835EDBE82443ABDC00CA1981 /* WeatherService.swift in Sources */ = {isa = PBXBuildFile; fileRef = 835EDBE72443ABDC00CA1981 /* WeatherService.swift */; };
		835EDBEA2443C89700CA1981 /* Weather.swift in Sources */ = {isa = PBXBuildFile; fileRef = 835EDBE92443C89700CA1981 /* Weather.swift */; };
		835EDBEC2443E61800CA1981 /* Constants.swift in Sources */ = {isa = PBXBuildFile; fileRef = 835EDBEB2443E61800CA1981 /* Constants.swift */; };
		835EDBEE2444FDF900CA1981 /* NewsService.swift in Sources */ = {isa = PBXBuildFile; fileRef = 835EDBED2444FDF900CA1981 /* NewsService.swift */; };
		835EDBF024453BBE00CA1981 /* StoreService.swift in Sources */ = {isa = PBXBuildFile; fileRef = 835EDBEF24453BBE00CA1981 /* StoreService.swift */; };
		835EDBF22445738400CA1981 /* DetailViewController.swift in Sources */ = {isa = PBXBuildFile; fileRef = 835EDBF12445738400CA1981 /* DetailViewController.swift */; };
		835EDBF424479CC400CA1981 /* ShareService.swift in Sources */ = {isa = PBXBuildFile; fileRef = 835EDBF324479CC400CA1981 /* ShareService.swift */; };
		835EDBF62447B55A00CA1981 /* BookmarkViewController.swift in Sources */ = {isa = PBXBuildFile; fileRef = 835EDBF52447B55A00CA1981 /* BookmarkViewController.swift */; };
		835EDBF82447BA2A00CA1981 /* CollectionLayout.swift in Sources */ = {isa = PBXBuildFile; fileRef = 835EDBF72447BA2A00CA1981 /* CollectionLayout.swift */; };
		835EDBFA2447BBA700CA1981 /* BookmarkNewsCell.swift in Sources */ = {isa = PBXBuildFile; fileRef = 835EDBF92447BBA700CA1981 /* BookmarkNewsCell.swift */; };
		835EDBFC244BA12100CA1981 /* TrendViewController.swift in Sources */ = {isa = PBXBuildFile; fileRef = 835EDBFB244BA12100CA1981 /* TrendViewController.swift */; };
		835EDBFE244BC1EA00CA1981 /* HeadlineViewController.swift in Sources */ = {isa = PBXBuildFile; fileRef = 835EDBFD244BC1EA00CA1981 /* HeadlineViewController.swift */; };
		835EDC00244BD1AE00CA1981 /* NewsTableViewController.swift in Sources */ = {isa = PBXBuildFile; fileRef = 835EDBFF244BD1AE00CA1981 /* NewsTableViewController.swift */; };
		8394BFB224428DCD00CCED2E /* HomeViewController.swift in Sources */ = {isa = PBXBuildFile; fileRef = 8394BFB124428DCD00CCED2E /* HomeViewController.swift */; };
		8394BFBA2442A9F400CCED2E /* NewsCell.swift in Sources */ = {isa = PBXBuildFile; fileRef = 8394BFB92442A9F400CCED2E /* NewsCell.swift */; };
		8394BFBC2442AE1A00CCED2E /* News.swift in Sources */ = {isa = PBXBuildFile; fileRef = 8394BFBB2442AE1A00CCED2E /* News.swift */; };
		8394BFBE2442C6DF00CCED2E /* WeatherView.swift in Sources */ = {isa = PBXBuildFile; fileRef = 8394BFBD2442C6DF00CCED2E /* WeatherView.swift */; };
		83B15A89244277480039E9D7 /* AppDelegate.swift in Sources */ = {isa = PBXBuildFile; fileRef = 83B15A88244277480039E9D7 /* AppDelegate.swift */; };
		83B15A8B244277480039E9D7 /* SceneDelegate.swift in Sources */ = {isa = PBXBuildFile; fileRef = 83B15A8A244277480039E9D7 /* SceneDelegate.swift */; };
		83B15A90244277480039E9D7 /* Main.storyboard in Resources */ = {isa = PBXBuildFile; fileRef = 83B15A8E244277480039E9D7 /* Main.storyboard */; };
		83B15A92244277490039E9D7 /* Assets.xcassets in Resources */ = {isa = PBXBuildFile; fileRef = 83B15A91244277490039E9D7 /* Assets.xcassets */; };
		83B15A95244277490039E9D7 /* LaunchScreen.storyboard in Resources */ = {isa = PBXBuildFile; fileRef = 83B15A93244277490039E9D7 /* LaunchScreen.storyboard */; };
		83B15AA0244277490039E9D7 /* NewsAppTests.swift in Sources */ = {isa = PBXBuildFile; fileRef = 83B15A9F244277490039E9D7 /* NewsAppTests.swift */; };
		89FE73D6FD590C1653A72344 /* Pods_NewsAppTests.framework in Frameworks */ = {isa = PBXBuildFile; fileRef = 5C54A4B91E8CEA110C8CB2B4 /* Pods_NewsAppTests.framework */; };
		B800872B71FAE03FCA11989C /* Pods_NewsApp.framework in Frameworks */ = {isa = PBXBuildFile; fileRef = 6B163DA042FFC8D568559E3A /* Pods_NewsApp.framework */; };
/* End PBXBuildFile section */

/* Begin PBXContainerItemProxy section */
		83B15A9C244277490039E9D7 /* PBXContainerItemProxy */ = {
			isa = PBXContainerItemProxy;
			containerPortal = 83B15A7D244277480039E9D7 /* Project object */;
			proxyType = 1;
			remoteGlobalIDString = 83B15A84244277480039E9D7;
			remoteInfo = NewsApp;
		};
/* End PBXContainerItemProxy section */

/* Begin PBXFileReference section */
		5937EC4448F347B17A94CD3D /* Pods-NewsApp.debug.xcconfig */ = {isa = PBXFileReference; includeInIndex = 1; lastKnownFileType = text.xcconfig; name = "Pods-NewsApp.debug.xcconfig"; path = "Target Support Files/Pods-NewsApp/Pods-NewsApp.debug.xcconfig"; sourceTree = "<group>"; };
		5C54A4B91E8CEA110C8CB2B4 /* Pods_NewsAppTests.framework */ = {isa = PBXFileReference; explicitFileType = wrapper.framework; includeInIndex = 0; path = Pods_NewsAppTests.framework; sourceTree = BUILT_PRODUCTS_DIR; };
		6B163DA042FFC8D568559E3A /* Pods_NewsApp.framework */ = {isa = PBXFileReference; explicitFileType = wrapper.framework; includeInIndex = 0; path = Pods_NewsApp.framework; sourceTree = BUILT_PRODUCTS_DIR; };
		7344C0227B750B31CCD18E76 /* Pods-NewsAppTests.debug.xcconfig */ = {isa = PBXFileReference; includeInIndex = 1; lastKnownFileType = text.xcconfig; name = "Pods-NewsAppTests.debug.xcconfig"; path = "Target Support Files/Pods-NewsAppTests/Pods-NewsAppTests.debug.xcconfig"; sourceTree = "<group>"; };
		835EDBE72443ABDC00CA1981 /* WeatherService.swift */ = {isa = PBXFileReference; lastKnownFileType = sourcecode.swift; path = WeatherService.swift; sourceTree = "<group>"; };
		835EDBE92443C89700CA1981 /* Weather.swift */ = {isa = PBXFileReference; lastKnownFileType = sourcecode.swift; path = Weather.swift; sourceTree = "<group>"; };
		835EDBEB2443E61800CA1981 /* Constants.swift */ = {isa = PBXFileReference; lastKnownFileType = sourcecode.swift; path = Constants.swift; sourceTree = "<group>"; };
		835EDBED2444FDF900CA1981 /* NewsService.swift */ = {isa = PBXFileReference; lastKnownFileType = sourcecode.swift; path = NewsService.swift; sourceTree = "<group>"; };
		835EDBEF24453BBE00CA1981 /* StoreService.swift */ = {isa = PBXFileReference; lastKnownFileType = sourcecode.swift; path = StoreService.swift; sourceTree = "<group>"; };
		835EDBF12445738400CA1981 /* DetailViewController.swift */ = {isa = PBXFileReference; lastKnownFileType = sourcecode.swift; path = DetailViewController.swift; sourceTree = "<group>"; };
		835EDBF324479CC400CA1981 /* ShareService.swift */ = {isa = PBXFileReference; lastKnownFileType = sourcecode.swift; path = ShareService.swift; sourceTree = "<group>"; };
		835EDBF52447B55A00CA1981 /* BookmarkViewController.swift */ = {isa = PBXFileReference; lastKnownFileType = sourcecode.swift; path = BookmarkViewController.swift; sourceTree = "<group>"; };
		835EDBF72447BA2A00CA1981 /* CollectionLayout.swift */ = {isa = PBXFileReference; lastKnownFileType = sourcecode.swift; path = CollectionLayout.swift; sourceTree = "<group>"; };
		835EDBF92447BBA700CA1981 /* BookmarkNewsCell.swift */ = {isa = PBXFileReference; lastKnownFileType = sourcecode.swift; path = BookmarkNewsCell.swift; sourceTree = "<group>"; };
		835EDBFB244BA12100CA1981 /* TrendViewController.swift */ = {isa = PBXFileReference; lastKnownFileType = sourcecode.swift; path = TrendViewController.swift; sourceTree = "<group>"; };
		835EDBFD244BC1EA00CA1981 /* HeadlineViewController.swift */ = {isa = PBXFileReference; lastKnownFileType = sourcecode.swift; path = HeadlineViewController.swift; sourceTree = "<group>"; };
		835EDBFF244BD1AE00CA1981 /* NewsTableViewController.swift */ = {isa = PBXFileReference; lastKnownFileType = sourcecode.swift; path = NewsTableViewController.swift; sourceTree = "<group>"; };
		8394BFB124428DCD00CCED2E /* HomeViewController.swift */ = {isa = PBXFileReference; lastKnownFileType = sourcecode.swift; path = HomeViewController.swift; sourceTree = "<group>"; };
		8394BFB92442A9F400CCED2E /* NewsCell.swift */ = {isa = PBXFileReference; lastKnownFileType = sourcecode.swift; path = NewsCell.swift; sourceTree = "<group>"; };
		8394BFBB2442AE1A00CCED2E /* News.swift */ = {isa = PBXFileReference; lastKnownFileType = sourcecode.swift; path = News.swift; sourceTree = "<group>"; };
		8394BFBD2442C6DF00CCED2E /* WeatherView.swift */ = {isa = PBXFileReference; lastKnownFileType = sourcecode.swift; path = WeatherView.swift; sourceTree = "<group>"; };
		83B15A85244277480039E9D7 /* NewsApp.app */ = {isa = PBXFileReference; explicitFileType = wrapper.application; includeInIndex = 0; path = NewsApp.app; sourceTree = BUILT_PRODUCTS_DIR; };
		83B15A88244277480039E9D7 /* AppDelegate.swift */ = {isa = PBXFileReference; lastKnownFileType = sourcecode.swift; path = AppDelegate.swift; sourceTree = "<group>"; };
		83B15A8A244277480039E9D7 /* SceneDelegate.swift */ = {isa = PBXFileReference; lastKnownFileType = sourcecode.swift; path = SceneDelegate.swift; sourceTree = "<group>"; };
		83B15A8F244277480039E9D7 /* Base */ = {isa = PBXFileReference; lastKnownFileType = file.storyboard; name = Base; path = Base.lproj/Main.storyboard; sourceTree = "<group>"; };
		83B15A91244277490039E9D7 /* Assets.xcassets */ = {isa = PBXFileReference; lastKnownFileType = folder.assetcatalog; path = Assets.xcassets; sourceTree = "<group>"; };
		83B15A94244277490039E9D7 /* Base */ = {isa = PBXFileReference; lastKnownFileType = file.storyboard; name = Base; path = Base.lproj/LaunchScreen.storyboard; sourceTree = "<group>"; };
		83B15A96244277490039E9D7 /* Info.plist */ = {isa = PBXFileReference; lastKnownFileType = text.plist.xml; path = Info.plist; sourceTree = "<group>"; };
		83B15A9B244277490039E9D7 /* NewsAppTests.xctest */ = {isa = PBXFileReference; explicitFileType = wrapper.cfbundle; includeInIndex = 0; path = NewsAppTests.xctest; sourceTree = BUILT_PRODUCTS_DIR; };
		83B15A9F244277490039E9D7 /* NewsAppTests.swift */ = {isa = PBXFileReference; lastKnownFileType = sourcecode.swift; path = NewsAppTests.swift; sourceTree = "<group>"; };
		83B15AA1244277490039E9D7 /* Info.plist */ = {isa = PBXFileReference; lastKnownFileType = text.plist.xml; path = Info.plist; sourceTree = "<group>"; };
		84F878A5A75D0B3D73DF20BB /* Pods-NewsApp.release.xcconfig */ = {isa = PBXFileReference; includeInIndex = 1; lastKnownFileType = text.xcconfig; name = "Pods-NewsApp.release.xcconfig"; path = "Target Support Files/Pods-NewsApp/Pods-NewsApp.release.xcconfig"; sourceTree = "<group>"; };
		F2AD732D2CECCE5B16400582 /* Pods-NewsAppTests.release.xcconfig */ = {isa = PBXFileReference; includeInIndex = 1; lastKnownFileType = text.xcconfig; name = "Pods-NewsAppTests.release.xcconfig"; path = "Target Support Files/Pods-NewsAppTests/Pods-NewsAppTests.release.xcconfig"; sourceTree = "<group>"; };
/* End PBXFileReference section */

/* Begin PBXFrameworksBuildPhase section */
		83B15A82244277480039E9D7 /* Frameworks */ = {
			isa = PBXFrameworksBuildPhase;
			buildActionMask = 2147483647;
			files = (
				B800872B71FAE03FCA11989C /* Pods_NewsApp.framework in Frameworks */,
			);
			runOnlyForDeploymentPostprocessing = 0;
		};
		83B15A98244277490039E9D7 /* Frameworks */ = {
			isa = PBXFrameworksBuildPhase;
			buildActionMask = 2147483647;
			files = (
				89FE73D6FD590C1653A72344 /* Pods_NewsAppTests.framework in Frameworks */,
			);
			runOnlyForDeploymentPostprocessing = 0;
		};
/* End PBXFrameworksBuildPhase section */

/* Begin PBXGroup section */
		8394BFC02442F40E00CCED2E /* Controller */ = {
			isa = PBXGroup;
			children = (
				8394BFB124428DCD00CCED2E /* HomeViewController.swift */,
				835EDBF12445738400CA1981 /* DetailViewController.swift */,
				835EDBF52447B55A00CA1981 /* BookmarkViewController.swift */,
				835EDBFB244BA12100CA1981 /* TrendViewController.swift */,
				835EDBFD244BC1EA00CA1981 /* HeadlineViewController.swift */,
				835EDBFF244BD1AE00CA1981 /* NewsTableViewController.swift */,
			);
			path = Controller;
			sourceTree = "<group>";
		};
		8394BFC12442F46D00CCED2E /* View */ = {
			isa = PBXGroup;
			children = (
				8394BFB92442A9F400CCED2E /* NewsCell.swift */,
				8394BFBD2442C6DF00CCED2E /* WeatherView.swift */,
				835EDBF72447BA2A00CA1981 /* CollectionLayout.swift */,
				835EDBF92447BBA700CA1981 /* BookmarkNewsCell.swift */,
			);
			path = View;
			sourceTree = "<group>";
		};
		8394BFC22442F48900CCED2E /* Model */ = {
			isa = PBXGroup;
			children = (
				8394BFBB2442AE1A00CCED2E /* News.swift */,
				835EDBE92443C89700CA1981 /* Weather.swift */,
			);
			path = Model;
			sourceTree = "<group>";
		};
		8394BFC32442F49500CCED2E /* Service */ = {
			isa = PBXGroup;
			children = (
				835EDBE72443ABDC00CA1981 /* WeatherService.swift */,
				835EDBED2444FDF900CA1981 /* NewsService.swift */,
				835EDBEF24453BBE00CA1981 /* StoreService.swift */,
				835EDBF324479CC400CA1981 /* ShareService.swift */,
			);
			path = Service;
			sourceTree = "<group>";
		};
		83B15A7C244277480039E9D7 = {
			isa = PBXGroup;
			children = (
				83B15A87244277480039E9D7 /* NewsApp */,
				83B15A9E244277490039E9D7 /* NewsAppTests */,
				83B15A86244277480039E9D7 /* Products */,
				D28EBC0334DADB42A5BBD0EE /* Pods */,
				9DA598F1226BA463B10C62FC /* Frameworks */,
			);
			sourceTree = "<group>";
		};
		83B15A86244277480039E9D7 /* Products */ = {
			isa = PBXGroup;
			children = (
				83B15A85244277480039E9D7 /* NewsApp.app */,
				83B15A9B244277490039E9D7 /* NewsAppTests.xctest */,
			);
			name = Products;
			sourceTree = "<group>";
		};
		83B15A87244277480039E9D7 /* NewsApp */ = {
			isa = PBXGroup;
			children = (
				8394BFC32442F49500CCED2E /* Service */,
				8394BFC22442F48900CCED2E /* Model */,
				8394BFC12442F46D00CCED2E /* View */,
				8394BFC02442F40E00CCED2E /* Controller */,
				83B15A88244277480039E9D7 /* AppDelegate.swift */,
				83B15A8A244277480039E9D7 /* SceneDelegate.swift */,
				83B15A8E244277480039E9D7 /* Main.storyboard */,
				83B15A91244277490039E9D7 /* Assets.xcassets */,
				83B15A93244277490039E9D7 /* LaunchScreen.storyboard */,
				83B15A96244277490039E9D7 /* Info.plist */,
				835EDBEB2443E61800CA1981 /* Constants.swift */,
			);
			path = NewsApp;
			sourceTree = "<group>";
		};
		83B15A9E244277490039E9D7 /* NewsAppTests */ = {
			isa = PBXGroup;
			children = (
				83B15A9F244277490039E9D7 /* NewsAppTests.swift */,
				83B15AA1244277490039E9D7 /* Info.plist */,
			);
			path = NewsAppTests;
			sourceTree = "<group>";
		};
		9DA598F1226BA463B10C62FC /* Frameworks */ = {
			isa = PBXGroup;
			children = (
				6B163DA042FFC8D568559E3A /* Pods_NewsApp.framework */,
				5C54A4B91E8CEA110C8CB2B4 /* Pods_NewsAppTests.framework */,
			);
			name = Frameworks;
			sourceTree = "<group>";
		};
		D28EBC0334DADB42A5BBD0EE /* Pods */ = {
			isa = PBXGroup;
			children = (
				5937EC4448F347B17A94CD3D /* Pods-NewsApp.debug.xcconfig */,
				84F878A5A75D0B3D73DF20BB /* Pods-NewsApp.release.xcconfig */,
				7344C0227B750B31CCD18E76 /* Pods-NewsAppTests.debug.xcconfig */,
				F2AD732D2CECCE5B16400582 /* Pods-NewsAppTests.release.xcconfig */,
			);
			path = Pods;
			sourceTree = "<group>";
		};
/* End PBXGroup section */

/* Begin PBXNativeTarget section */
		83B15A84244277480039E9D7 /* NewsApp */ = {
			isa = PBXNativeTarget;
			buildConfigurationList = 83B15AA4244277490039E9D7 /* Build configuration list for PBXNativeTarget "NewsApp" */;
			buildPhases = (
				E381D79FF184AD4F42E4C97A /* [CP] Check Pods Manifest.lock */,
				83B15A81244277480039E9D7 /* Sources */,
				83B15A82244277480039E9D7 /* Frameworks */,
				83B15A83244277480039E9D7 /* Resources */,
				2511FB41CBBE96331DF189D9 /* [CP] Embed Pods Frameworks */,
			);
			buildRules = (
			);
			dependencies = (
			);
			name = NewsApp;
			productName = NewsApp;
			productReference = 83B15A85244277480039E9D7 /* NewsApp.app */;
			productType = "com.apple.product-type.application";
		};
		83B15A9A244277490039E9D7 /* NewsAppTests */ = {
			isa = PBXNativeTarget;
			buildConfigurationList = 83B15AA7244277490039E9D7 /* Build configuration list for PBXNativeTarget "NewsAppTests" */;
			buildPhases = (
				F3ABD40D8C875A17564F13DA /* [CP] Check Pods Manifest.lock */,
				83B15A97244277490039E9D7 /* Sources */,
				83B15A98244277490039E9D7 /* Frameworks */,
				83B15A99244277490039E9D7 /* Resources */,
				E3CA83B6CCB3A5362C325A99 /* [CP] Embed Pods Frameworks */,
			);
			buildRules = (
			);
			dependencies = (
				83B15A9D244277490039E9D7 /* PBXTargetDependency */,
			);
			name = NewsAppTests;
			productName = NewsAppTests;
			productReference = 83B15A9B244277490039E9D7 /* NewsAppTests.xctest */;
			productType = "com.apple.product-type.bundle.unit-test";
		};
/* End PBXNativeTarget section */

/* Begin PBXProject section */
		83B15A7D244277480039E9D7 /* Project object */ = {
			isa = PBXProject;
			attributes = {
				LastSwiftUpdateCheck = 1140;
				LastUpgradeCheck = 1140;
				ORGANIZATIONNAME = Yifan;
				TargetAttributes = {
					83B15A84244277480039E9D7 = {
						CreatedOnToolsVersion = 11.4;
					};
					83B15A9A244277490039E9D7 = {
						CreatedOnToolsVersion = 11.4;
						TestTargetID = 83B15A84244277480039E9D7;
					};
				};
			};
			buildConfigurationList = 83B15A80244277480039E9D7 /* Build configuration list for PBXProject "NewsApp" */;
			compatibilityVersion = "Xcode 9.3";
			developmentRegion = en;
			hasScannedForEncodings = 0;
			knownRegions = (
				en,
				Base,
			);
			mainGroup = 83B15A7C244277480039E9D7;
			productRefGroup = 83B15A86244277480039E9D7 /* Products */;
			projectDirPath = "";
			projectRoot = "";
			targets = (
				83B15A84244277480039E9D7 /* NewsApp */,
				83B15A9A244277490039E9D7 /* NewsAppTests */,
			);
		};
/* End PBXProject section */

/* Begin PBXResourcesBuildPhase section */
		83B15A83244277480039E9D7 /* Resources */ = {
			isa = PBXResourcesBuildPhase;
			buildActionMask = 2147483647;
			files = (
				83B15A95244277490039E9D7 /* LaunchScreen.storyboard in Resources */,
				83B15A92244277490039E9D7 /* Assets.xcassets in Resources */,
				83B15A90244277480039E9D7 /* Main.storyboard in Resources */,
			);
			runOnlyForDeploymentPostprocessing = 0;
		};
		83B15A99244277490039E9D7 /* Resources */ = {
			isa = PBXResourcesBuildPhase;
			buildActionMask = 2147483647;
			files = (
			);
			runOnlyForDeploymentPostprocessing = 0;
		};
/* End PBXResourcesBuildPhase section */

/* Begin PBXShellScriptBuildPhase section */
		2511FB41CBBE96331DF189D9 /* [CP] Embed Pods Frameworks */ = {
			isa = PBXShellScriptBuildPhase;
			buildActionMask = 2147483647;
			files = (
			);
			inputFileListPaths = (
				"${PODS_ROOT}/Target Support Files/Pods-NewsApp/Pods-NewsApp-frameworks-${CONFIGURATION}-input-files.xcfilelist",
			);
			name = "[CP] Embed Pods Frameworks";
			outputFileListPaths = (
				"${PODS_ROOT}/Target Support Files/Pods-NewsApp/Pods-NewsApp-frameworks-${CONFIGURATION}-output-files.xcfilelist",
			);
			runOnlyForDeploymentPostprocessing = 0;
			shellPath = /bin/sh;
			shellScript = "\"${PODS_ROOT}/Target Support Files/Pods-NewsApp/Pods-NewsApp-frameworks.sh\"\n";
			showEnvVarsInLog = 0;
		};
		E381D79FF184AD4F42E4C97A /* [CP] Check Pods Manifest.lock */ = {
			isa = PBXShellScriptBuildPhase;
			buildActionMask = 2147483647;
			files = (
			);
			inputFileListPaths = (
			);
			inputPaths = (
				"${PODS_PODFILE_DIR_PATH}/Podfile.lock",
				"${PODS_ROOT}/Manifest.lock",
			);
			name = "[CP] Check Pods Manifest.lock";
			outputFileListPaths = (
			);
			outputPaths = (
				"$(DERIVED_FILE_DIR)/Pods-NewsApp-checkManifestLockResult.txt",
			);
			runOnlyForDeploymentPostprocessing = 0;
			shellPath = /bin/sh;
			shellScript = "diff \"${PODS_PODFILE_DIR_PATH}/Podfile.lock\" \"${PODS_ROOT}/Manifest.lock\" > /dev/null\nif [ $? != 0 ] ; then\n    # print error to STDERR\n    echo \"error: The sandbox is not in sync with the Podfile.lock. Run 'pod install' or update your CocoaPods installation.\" >&2\n    exit 1\nfi\n# This output is used by Xcode 'outputs' to avoid re-running this script phase.\necho \"SUCCESS\" > \"${SCRIPT_OUTPUT_FILE_0}\"\n";
			showEnvVarsInLog = 0;
		};
		E3CA83B6CCB3A5362C325A99 /* [CP] Embed Pods Frameworks */ = {
			isa = PBXShellScriptBuildPhase;
			buildActionMask = 2147483647;
			files = (
			);
			inputFileListPaths = (
				"${PODS_ROOT}/Target Support Files/Pods-NewsAppTests/Pods-NewsAppTests-frameworks-${CONFIGURATION}-input-files.xcfilelist",
			);
			name = "[CP] Embed Pods Frameworks";
			outputFileListPaths = (
				"${PODS_ROOT}/Target Support Files/Pods-NewsAppTests/Pods-NewsAppTests-frameworks-${CONFIGURATION}-output-files.xcfilelist",
			);
			runOnlyForDeploymentPostprocessing = 0;
			shellPath = /bin/sh;
			shellScript = "\"${PODS_ROOT}/Target Support Files/Pods-NewsAppTests/Pods-NewsAppTests-frameworks.sh\"\n";
			showEnvVarsInLog = 0;
		};
		F3ABD40D8C875A17564F13DA /* [CP] Check Pods Manifest.lock */ = {
			isa = PBXShellScriptBuildPhase;
			buildActionMask = 2147483647;
			files = (
			);
			inputFileListPaths = (
			);
			inputPaths = (
				"${PODS_PODFILE_DIR_PATH}/Podfile.lock",
				"${PODS_ROOT}/Manifest.lock",
			);
			name = "[CP] Check Pods Manifest.lock";
			outputFileListPaths = (
			);
			outputPaths = (
				"$(DERIVED_FILE_DIR)/Pods-NewsAppTests-checkManifestLockResult.txt",
			);
			runOnlyForDeploymentPostprocessing = 0;
			shellPath = /bin/sh;
			shellScript = "diff \"${PODS_PODFILE_DIR_PATH}/Podfile.lock\" \"${PODS_ROOT}/Manifest.lock\" > /dev/null\nif [ $? != 0 ] ; then\n    # print error to STDERR\n    echo \"error: The sandbox is not in sync with the Podfile.lock. Run 'pod install' or update your CocoaPods installation.\" >&2\n    exit 1\nfi\n# This output is used by Xcode 'outputs' to avoid re-running this script phase.\necho \"SUCCESS\" > \"${SCRIPT_OUTPUT_FILE_0}\"\n";
			showEnvVarsInLog = 0;
		};
/* End PBXShellScriptBuildPhase section */

/* Begin PBXSourcesBuildPhase section */
		83B15A81244277480039E9D7 /* Sources */ = {
			isa = PBXSourcesBuildPhase;
			buildActionMask = 2147483647;
			files = (
				835EDBFE244BC1EA00CA1981 /* HeadlineViewController.swift in Sources */,
				835EDBF22445738400CA1981 /* DetailViewController.swift in Sources */,
				835EDBE82443ABDC00CA1981 /* WeatherService.swift in Sources */,
				8394BFBC2442AE1A00CCED2E /* News.swift in Sources */,
				835EDBF62447B55A00CA1981 /* BookmarkViewController.swift in Sources */,
				835EDBFA2447BBA700CA1981 /* BookmarkNewsCell.swift in Sources */,
				8394BFBA2442A9F400CCED2E /* NewsCell.swift in Sources */,
				835EDBF424479CC400CA1981 /* ShareService.swift in Sources */,
				835EDBEA2443C89700CA1981 /* Weather.swift in Sources */,
				835EDBEC2443E61800CA1981 /* Constants.swift in Sources */,
				835EDC00244BD1AE00CA1981 /* NewsTableViewController.swift in Sources */,
				835EDBFC244BA12100CA1981 /* TrendViewController.swift in Sources */,
				83B15A89244277480039E9D7 /* AppDelegate.swift in Sources */,
				83B15A8B244277480039E9D7 /* SceneDelegate.swift in Sources */,
				835EDBF82447BA2A00CA1981 /* CollectionLayout.swift in Sources */,
				8394BFB224428DCD00CCED2E /* HomeViewController.swift in Sources */,
				8394BFBE2442C6DF00CCED2E /* WeatherView.swift in Sources */,
				835EDBEE2444FDF900CA1981 /* NewsService.swift in Sources */,
				835EDBF024453BBE00CA1981 /* StoreService.swift in Sources */,
			);
			runOnlyForDeploymentPostprocessing = 0;
		};
		83B15A97244277490039E9D7 /* Sources */ = {
			isa = PBXSourcesBuildPhase;
			buildActionMask = 2147483647;
			files = (
				83B15AA0244277490039E9D7 /* NewsAppTests.swift in Sources */,
			);
			runOnlyForDeploymentPostprocessing = 0;
		};
/* End PBXSourcesBuildPhase section */

/* Begin PBXTargetDependency section */
		83B15A9D244277490039E9D7 /* PBXTargetDependency */ = {
			isa = PBXTargetDependency;
			target = 83B15A84244277480039E9D7 /* NewsApp */;
			targetProxy = 83B15A9C244277490039E9D7 /* PBXContainerItemProxy */;
		};
/* End PBXTargetDependency section */

/* Begin PBXVariantGroup section */
		83B15A8E244277480039E9D7 /* Main.storyboard */ = {
			isa = PBXVariantGroup;
			children = (
				83B15A8F244277480039E9D7 /* Base */,
			);
			name = Main.storyboard;
			sourceTree = "<group>";
		};
		83B15A93244277490039E9D7 /* LaunchScreen.storyboard */ = {
			isa = PBXVariantGroup;
			children = (
				83B15A94244277490039E9D7 /* Base */,
			);
			name = LaunchScreen.storyboard;
			sourceTree = "<group>";
		};
/* End PBXVariantGroup section */

/* Begin XCBuildConfiguration section */
		83B15AA2244277490039E9D7 /* Debug */ = {
			isa = XCBuildConfiguration;
			buildSettings = {
				ALWAYS_SEARCH_USER_PATHS = NO;
				CLANG_ANALYZER_NONNULL = YES;
				CLANG_ANALYZER_NUMBER_OBJECT_CONVERSION = YES_AGGRESSIVE;
				CLANG_CXX_LANGUAGE_STANDARD = "gnu++14";
				CLANG_CXX_LIBRARY = "libc++";
				CLANG_ENABLE_MODULES = YES;
				CLANG_ENABLE_OBJC_ARC = YES;
				CLANG_ENABLE_OBJC_WEAK = YES;
				CLANG_WARN_BLOCK_CAPTURE_AUTORELEASING = YES;
				CLANG_WARN_BOOL_CONVERSION = YES;
				CLANG_WARN_COMMA = YES;
				CLANG_WARN_CONSTANT_CONVERSION = YES;
				CLANG_WARN_DEPRECATED_OBJC_IMPLEMENTATIONS = YES;
				CLANG_WARN_DIRECT_OBJC_ISA_USAGE = YES_ERROR;
				CLANG_WARN_DOCUMENTATION_COMMENTS = YES;
				CLANG_WARN_EMPTY_BODY = YES;
				CLANG_WARN_ENUM_CONVERSION = YES;
				CLANG_WARN_INFINITE_RECURSION = YES;
				CLANG_WARN_INT_CONVERSION = YES;
				CLANG_WARN_NON_LITERAL_NULL_CONVERSION = YES;
				CLANG_WARN_OBJC_IMPLICIT_RETAIN_SELF = YES;
				CLANG_WARN_OBJC_LITERAL_CONVERSION = YES;
				CLANG_WARN_OBJC_ROOT_CLASS = YES_ERROR;
				CLANG_WARN_RANGE_LOOP_ANALYSIS = YES;
				CLANG_WARN_STRICT_PROTOTYPES = YES;
				CLANG_WARN_SUSPICIOUS_MOVE = YES;
				CLANG_WARN_UNGUARDED_AVAILABILITY = YES_AGGRESSIVE;
				CLANG_WARN_UNREACHABLE_CODE = YES;
				CLANG_WARN__DUPLICATE_METHOD_MATCH = YES;
				COPY_PHASE_STRIP = NO;
				DEBUG_INFORMATION_FORMAT = dwarf;
				ENABLE_STRICT_OBJC_MSGSEND = YES;
				ENABLE_TESTABILITY = YES;
				GCC_C_LANGUAGE_STANDARD = gnu11;
				GCC_DYNAMIC_NO_PIC = NO;
				GCC_NO_COMMON_BLOCKS = YES;
				GCC_OPTIMIZATION_LEVEL = 0;
				GCC_PREPROCESSOR_DEFINITIONS = (
					"DEBUG=1",
					"$(inherited)",
				);
				GCC_WARN_64_TO_32_BIT_CONVERSION = YES;
				GCC_WARN_ABOUT_RETURN_TYPE = YES_ERROR;
				GCC_WARN_UNDECLARED_SELECTOR = YES;
				GCC_WARN_UNINITIALIZED_AUTOS = YES_AGGRESSIVE;
				GCC_WARN_UNUSED_FUNCTION = YES;
				GCC_WARN_UNUSED_VARIABLE = YES;
				IPHONEOS_DEPLOYMENT_TARGET = 13.4;
				MTL_ENABLE_DEBUG_INFO = INCLUDE_SOURCE;
				MTL_FAST_MATH = YES;
				ONLY_ACTIVE_ARCH = YES;
				SDKROOT = iphoneos;
				SWIFT_ACTIVE_COMPILATION_CONDITIONS = DEBUG;
				SWIFT_OPTIMIZATION_LEVEL = "-Onone";
			};
			name = Debug;
		};
		83B15AA3244277490039E9D7 /* Release */ = {
			isa = XCBuildConfiguration;
			buildSettings = {
				ALWAYS_SEARCH_USER_PATHS = NO;
				CLANG_ANALYZER_NONNULL = YES;
				CLANG_ANALYZER_NUMBER_OBJECT_CONVERSION = YES_AGGRESSIVE;
				CLANG_CXX_LANGUAGE_STANDARD = "gnu++14";
				CLANG_CXX_LIBRARY = "libc++";
				CLANG_ENABLE_MODULES = YES;
				CLANG_ENABLE_OBJC_ARC = YES;
				CLANG_ENABLE_OBJC_WEAK = YES;
				CLANG_WARN_BLOCK_CAPTURE_AUTORELEASING = YES;
				CLANG_WARN_BOOL_CONVERSION = YES;
				CLANG_WARN_COMMA = YES;
				CLANG_WARN_CONSTANT_CONVERSION = YES;
				CLANG_WARN_DEPRECATED_OBJC_IMPLEMENTATIONS = YES;
				CLANG_WARN_DIRECT_OBJC_ISA_USAGE = YES_ERROR;
				CLANG_WARN_DOCUMENTATION_COMMENTS = YES;
				CLANG_WARN_EMPTY_BODY = YES;
				CLANG_WARN_ENUM_CONVERSION = YES;
				CLANG_WARN_INFINITE_RECURSION = YES;
				CLANG_WARN_INT_CONVERSION = YES;
				CLANG_WARN_NON_LITERAL_NULL_CONVERSION = YES;
				CLANG_WARN_OBJC_IMPLICIT_RETAIN_SELF = YES;
				CLANG_WARN_OBJC_LITERAL_CONVERSION = YES;
				CLANG_WARN_OBJC_ROOT_CLASS = YES_ERROR;
				CLANG_WARN_RANGE_LOOP_ANALYSIS = YES;
				CLANG_WARN_STRICT_PROTOTYPES = YES;
				CLANG_WARN_SUSPICIOUS_MOVE = YES;
				CLANG_WARN_UNGUARDED_AVAILABILITY = YES_AGGRESSIVE;
				CLANG_WARN_UNREACHABLE_CODE = YES;
				CLANG_WARN__DUPLICATE_METHOD_MATCH = YES;
				COPY_PHASE_STRIP = NO;
				DEBUG_INFORMATION_FORMAT = "dwarf-with-dsym";
				ENABLE_NS_ASSERTIONS = NO;
				ENABLE_STRICT_OBJC_MSGSEND = YES;
				GCC_C_LANGUAGE_STANDARD = gnu11;
				GCC_NO_COMMON_BLOCKS = YES;
				GCC_WARN_64_TO_32_BIT_CONVERSION = YES;
				GCC_WARN_ABOUT_RETURN_TYPE = YES_ERROR;
				GCC_WARN_UNDECLARED_SELECTOR = YES;
				GCC_WARN_UNINITIALIZED_AUTOS = YES_AGGRESSIVE;
				GCC_WARN_UNUSED_FUNCTION = YES;
				GCC_WARN_UNUSED_VARIABLE = YES;
				IPHONEOS_DEPLOYMENT_TARGET = 13.4;
				MTL_ENABLE_DEBUG_INFO = NO;
				MTL_FAST_MATH = YES;
				SDKROOT = iphoneos;
				SWIFT_COMPILATION_MODE = wholemodule;
				SWIFT_OPTIMIZATION_LEVEL = "-O";
				VALIDATE_PRODUCT = YES;
			};
			name = Release;
		};
		83B15AA5244277490039E9D7 /* Debug */ = {
			isa = XCBuildConfiguration;
			baseConfigurationReference = 5937EC4448F347B17A94CD3D /* Pods-NewsApp.debug.xcconfig */;
			buildSettings = {
				ASSETCATALOG_COMPILER_APPICON_NAME = AppIcon;
				CODE_SIGN_STYLE = Automatic;
				DEVELOPMENT_TEAM = 6FS299DP59;
				INFOPLIST_FILE = NewsApp/Info.plist;
				LD_RUNPATH_SEARCH_PATHS = (
					"$(inherited)",
					"@executable_path/Frameworks",
				);
				PRODUCT_BUNDLE_IDENTIFIER = edu.usc.NewsApp;
				PRODUCT_NAME = "$(TARGET_NAME)";
				SWIFT_VERSION = 5.0;
				TARGETED_DEVICE_FAMILY = "1,2";
			};
			name = Debug;
		};
		83B15AA6244277490039E9D7 /* Release */ = {
			isa = XCBuildConfiguration;
			baseConfigurationReference = 84F878A5A75D0B3D73DF20BB /* Pods-NewsApp.release.xcconfig */;
			buildSettings = {
				ASSETCATALOG_COMPILER_APPICON_NAME = AppIcon;
				CODE_SIGN_STYLE = Automatic;
				DEVELOPMENT_TEAM = 6FS299DP59;
				INFOPLIST_FILE = NewsApp/Info.plist;
				LD_RUNPATH_SEARCH_PATHS = (
					"$(inherited)",
					"@executable_path/Frameworks",
				);
				PRODUCT_BUNDLE_IDENTIFIER = edu.usc.NewsApp;
				PRODUCT_NAME = "$(TARGET_NAME)";
				SWIFT_VERSION = 5.0;
				TARGETED_DEVICE_FAMILY = "1,2";
			};
			name = Release;
		};
		83B15AA8244277490039E9D7 /* Debug */ = {
			isa = XCBuildConfiguration;
			baseConfigurationReference = 7344C0227B750B31CCD18E76 /* Pods-NewsAppTests.debug.xcconfig */;
			buildSettings = {
				ALWAYS_EMBED_SWIFT_STANDARD_LIBRARIES = YES;
				BUNDLE_LOADER = "$(TEST_HOST)";
				CODE_SIGN_STYLE = Automatic;
				DEVELOPMENT_TEAM = 6FS299DP59;
				INFOPLIST_FILE = NewsAppTests/Info.plist;
				IPHONEOS_DEPLOYMENT_TARGET = 13.4;
				LD_RUNPATH_SEARCH_PATHS = (
					"$(inherited)",
					"@executable_path/Frameworks",
					"@loader_path/Frameworks",
				);
				PRODUCT_BUNDLE_IDENTIFIER = edu.usc.NewsAppTests;
				PRODUCT_NAME = "$(TARGET_NAME)";
				SWIFT_VERSION = 5.0;
				TARGETED_DEVICE_FAMILY = "1,2";
				TEST_HOST = "$(BUILT_PRODUCTS_DIR)/NewsApp.app/NewsApp";
			};
			name = Debug;
		};
		83B15AA9244277490039E9D7 /* Release */ = {
			isa = XCBuildConfiguration;
			baseConfigurationReference = F2AD732D2CECCE5B16400582 /* Pods-NewsAppTests.release.xcconfig */;
			buildSettings = {
				ALWAYS_EMBED_SWIFT_STANDARD_LIBRARIES = YES;
				BUNDLE_LOADER = "$(TEST_HOST)";
				CODE_SIGN_STYLE = Automatic;
				DEVELOPMENT_TEAM = 6FS299DP59;
				INFOPLIST_FILE = NewsAppTests/Info.plist;
				IPHONEOS_DEPLOYMENT_TARGET = 13.4;
				LD_RUNPATH_SEARCH_PATHS = (
					"$(inherited)",
					"@executable_path/Frameworks",
					"@loader_path/Frameworks",
				);
				PRODUCT_BUNDLE_IDENTIFIER = edu.usc.NewsAppTests;
				PRODUCT_NAME = "$(TARGET_NAME)";
				SWIFT_VERSION = 5.0;
				TARGETED_DEVICE_FAMILY = "1,2";
				TEST_HOST = "$(BUILT_PRODUCTS_DIR)/NewsApp.app/NewsApp";
			};
			name = Release;
		};
/* End XCBuildConfiguration section */

/* Begin XCConfigurationList section */
		83B15A80244277480039E9D7 /* Build configuration list for PBXProject "NewsApp" */ = {
			isa = XCConfigurationList;
			buildConfigurations = (
				83B15AA2244277490039E9D7 /* Debug */,
				83B15AA3244277490039E9D7 /* Release */,
			);
			defaultConfigurationIsVisible = 0;
			defaultConfigurationName = Release;
		};
		83B15AA4244277490039E9D7 /* Build configuration list for PBXNativeTarget "NewsApp" */ = {
			isa = XCConfigurationList;
			buildConfigurations = (
				83B15AA5244277490039E9D7 /* Debug */,
				83B15AA6244277490039E9D7 /* Release */,
			);
			defaultConfigurationIsVisible = 0;
			defaultConfigurationName = Release;
		};
		83B15AA7244277490039E9D7 /* Build configuration list for PBXNativeTarget "NewsAppTests" */ = {
			isa = XCConfigurationList;
			buildConfigurations = (
				83B15AA8244277490039E9D7 /* Debug */,
				83B15AA9244277490039E9D7 /* Release */,
			);
			defaultConfigurationIsVisible = 0;
			defaultConfigurationName = Release;
		};
/* End XCConfigurationList section */
	};
	rootObject = 83B15A7D244277480039E9D7 /* Project object */;
}
